{
  "name": "react-custom-scroll",
  "version": "3.2.0",
  "lockfileVersion": 1,
  "requires": true,
  "dependencies": {
    "karma-babel-preprocessor": {
      "version": "8.0.0-beta.0",
      "resolved": "https://registry.npmjs.org/karma-babel-preprocessor/-/karma-babel-preprocessor-8.0.0-beta.0.tgz",
      "integrity": "sha512-nv3GbDAKdonWuTJc+Kg4jEdRXzoP7uKKQ6HfTJb5PNTY+OJYKzrtUBUSez/wrutUFtztVT+MQxJHamd7MNCmBQ==",
      "dev": true
    }
  }
}
